// !$*UTF8*$!
{
	archiveVersion = 1;
	classes = {
	};
	objectVersion = 56;
	objects = {

/* Begin PBXBuildFile section */
		5135B91F28F9766100ACBC1E /* PersistanceManager.swift in Sources */ = {isa = PBXBuildFile; fileRef = 5135B91E28F9766100ACBC1E /* PersistanceManager.swift */; };
		5135B92128F98A9800ACBC1E /* FavoriteCell.swift in Sources */ = {isa = PBXBuildFile; fileRef = 5135B92028F98A9800ACBC1E /* FavoriteCell.swift */; };
		5135B92428F9B26000ACBC1E /* GFTabBarController.swift in Sources */ = {isa = PBXBuildFile; fileRef = 5135B92328F9B26000ACBC1E /* GFTabBarController.swift */; };
		514DB2AB28D0A1DD00E604E8 /* AppDelegate.swift in Sources */ = {isa = PBXBuildFile; fileRef = 514DB2AA28D0A1DD00E604E8 /* AppDelegate.swift */; };
		514DB2AD28D0A1DD00E604E8 /* SceneDelegate.swift in Sources */ = {isa = PBXBuildFile; fileRef = 514DB2AC28D0A1DD00E604E8 /* SceneDelegate.swift */; };
		514DB2B428D0A1DF00E604E8 /* Assets.xcassets in Resources */ = {isa = PBXBuildFile; fileRef = 514DB2B328D0A1DF00E604E8 /* Assets.xcassets */; };
		514DB2B728D0A1DF00E604E8 /* LaunchScreen.storyboard in Resources */ = {isa = PBXBuildFile; fileRef = 514DB2B528D0A1DF00E604E8 /* LaunchScreen.storyboard */; };
		514DB2BF28D0AF6800E604E8 /* SearchVC.swift in Sources */ = {isa = PBXBuildFile; fileRef = 514DB2BE28D0AF6800E604E8 /* SearchVC.swift */; };
		514DB2C128D0AFA500E604E8 /* FavoritesListVC.swift in Sources */ = {isa = PBXBuildFile; fileRef = 514DB2C028D0AFA500E604E8 /* FavoritesListVC.swift */; };
		514DB2C328D0C5EA00E604E8 /* GFButton.swift in Sources */ = {isa = PBXBuildFile; fileRef = 514DB2C228D0C5EA00E604E8 /* GFButton.swift */; };
		514DB2C528D0CCAE00E604E8 /* GFTextField.swift in Sources */ = {isa = PBXBuildFile; fileRef = 514DB2C428D0CCAE00E604E8 /* GFTextField.swift */; };
		514DB2C728D0E65A00E604E8 /* FollowerListVC.swift in Sources */ = {isa = PBXBuildFile; fileRef = 514DB2C628D0E65A00E604E8 /* FollowerListVC.swift */; };
		514DB2C928D0F32000E604E8 /* GFTitleLabel.swift in Sources */ = {isa = PBXBuildFile; fileRef = 514DB2C828D0F32000E604E8 /* GFTitleLabel.swift */; };
		514DB2CB28D0F61200E604E8 /* GFBodyLabel.swift in Sources */ = {isa = PBXBuildFile; fileRef = 514DB2CA28D0F61200E604E8 /* GFBodyLabel.swift */; };
		514DB2CD28D0F6D400E604E8 /* GFAlertVC.swift in Sources */ = {isa = PBXBuildFile; fileRef = 514DB2CC28D0F6D400E604E8 /* GFAlertVC.swift */; };
		514DB2CF28D10C3400E604E8 /* UIVIewController+Ext.swift in Sources */ = {isa = PBXBuildFile; fileRef = 514DB2CE28D10C3400E604E8 /* UIVIewController+Ext.swift */; };
		514DB2D628D1C6F100E604E8 /* Follower.swift in Sources */ = {isa = PBXBuildFile; fileRef = 514DB2D528D1C6F100E604E8 /* Follower.swift */; };
		514DB2D828D1C7B100E604E8 /* User.swift in Sources */ = {isa = PBXBuildFile; fileRef = 514DB2D728D1C7B100E604E8 /* User.swift */; };
		514DB2DB28D1DB0C00E604E8 /* NetworkManager.swift in Sources */ = {isa = PBXBuildFile; fileRef = 514DB2DA28D1DB0C00E604E8 /* NetworkManager.swift */; };
		514DB2DE28D20C2200E604E8 /* GFError.swift in Sources */ = {isa = PBXBuildFile; fileRef = 514DB2DD28D20C2200E604E8 /* GFError.swift */; };
		514DB2E128D21F9000E604E8 /* FollowerCell.swift in Sources */ = {isa = PBXBuildFile; fileRef = 514DB2E028D21F9000E604E8 /* FollowerCell.swift */; };
		514DB2E328D2203300E604E8 /* GFAvatarImageView.swift in Sources */ = {isa = PBXBuildFile; fileRef = 514DB2E228D2203300E604E8 /* GFAvatarImageView.swift */; };
		51C0778C28D3B15F005F709C /* UIHelper.swift in Sources */ = {isa = PBXBuildFile; fileRef = 51C0778B28D3B15F005F709C /* UIHelper.swift */; };
		51C0779328D4712A005F709C /* GFEmptyStateView.swift in Sources */ = {isa = PBXBuildFile; fileRef = 51C0779228D4712A005F709C /* GFEmptyStateView.swift */; };
		51C0779528D4819E005F709C /* UserInfoVC.swift in Sources */ = {isa = PBXBuildFile; fileRef = 51C0779428D4819E005F709C /* UserInfoVC.swift */; };
		51C0779828D4A66F005F709C /* GFUserInfoHeaderVC.swift in Sources */ = {isa = PBXBuildFile; fileRef = 51C0779728D4A66F005F709C /* GFUserInfoHeaderVC.swift */; };
		51C0779A28D4AA63005F709C /* GFSecondaryTitleLabel.swift in Sources */ = {isa = PBXBuildFile; fileRef = 51C0779928D4AA63005F709C /* GFSecondaryTitleLabel.swift */; };
		51C0779C28D4B5F4005F709C /* Constants.swift in Sources */ = {isa = PBXBuildFile; fileRef = 51C0779B28D4B5F4005F709C /* Constants.swift */; };
		51C077C328D8A4C3005F709C /* GFItemInfoView.swift in Sources */ = {isa = PBXBuildFile; fileRef = 51C077C228D8A4C3005F709C /* GFItemInfoView.swift */; };
		51C077C528D8BEDB005F709C /* GFItemInfoVC.swift in Sources */ = {isa = PBXBuildFile; fileRef = 51C077C428D8BEDB005F709C /* GFItemInfoVC.swift */; };
		51C215FB28D8C5580016AF31 /* GFRepoItemVC.swift in Sources */ = {isa = PBXBuildFile; fileRef = 51C215FA28D8C5580016AF31 /* GFRepoItemVC.swift */; };
		51C215FD28D8CC0A0016AF31 /* GFFollowerItemVC.swift in Sources */ = {isa = PBXBuildFile; fileRef = 51C215FC28D8CC0A0016AF31 /* GFFollowerItemVC.swift */; };
		51C2160028D8EC340016AF31 /* Date+Ext.swift in Sources */ = {isa = PBXBuildFile; fileRef = 51C215FF28D8EC340016AF31 /* Date+Ext.swift */; };
		51C2160228D8EC6B0016AF31 /* String+Ext.swift in Sources */ = {isa = PBXBuildFile; fileRef = 51C2160128D8EC6B0016AF31 /* String+Ext.swift */; };
/* End PBXBuildFile section */

/* Begin PBXFileReference section */
		5135B91E28F9766100ACBC1E /* PersistanceManager.swift */ = {isa = PBXFileReference; lastKnownFileType = sourcecode.swift; path = PersistanceManager.swift; sourceTree = "<group>"; };
		5135B92028F98A9800ACBC1E /* FavoriteCell.swift */ = {isa = PBXFileReference; lastKnownFileType = sourcecode.swift; path = FavoriteCell.swift; sourceTree = "<group>"; };
		5135B92328F9B26000ACBC1E /* GFTabBarController.swift */ = {isa = PBXFileReference; lastKnownFileType = sourcecode.swift; path = GFTabBarController.swift; sourceTree = "<group>"; };
		514DB2A728D0A1DD00E604E8 /* GHFolowers.app */ = {isa = PBXFileReference; explicitFileType = wrapper.application; includeInIndex = 0; path = GHFolowers.app; sourceTree = BUILT_PRODUCTS_DIR; };
		514DB2AA28D0A1DD00E604E8 /* AppDelegate.swift */ = {isa = PBXFileReference; lastKnownFileType = sourcecode.swift; path = AppDelegate.swift; sourceTree = "<group>"; };
		514DB2AC28D0A1DD00E604E8 /* SceneDelegate.swift */ = {isa = PBXFileReference; lastKnownFileType = sourcecode.swift; path = SceneDelegate.swift; sourceTree = "<group>"; };
		514DB2B328D0A1DF00E604E8 /* Assets.xcassets */ = {isa = PBXFileReference; lastKnownFileType = folder.assetcatalog; path = Assets.xcassets; sourceTree = "<group>"; };
		514DB2B628D0A1DF00E604E8 /* Base */ = {isa = PBXFileReference; lastKnownFileType = file.storyboard; name = Base; path = Base.lproj/LaunchScreen.storyboard; sourceTree = "<group>"; };
		514DB2B828D0A1DF00E604E8 /* Info.plist */ = {isa = PBXFileReference; lastKnownFileType = text.plist.xml; path = Info.plist; sourceTree = "<group>"; };
		514DB2BE28D0AF6800E604E8 /* SearchVC.swift */ = {isa = PBXFileReference; lastKnownFileType = sourcecode.swift; path = SearchVC.swift; sourceTree = "<group>"; };
		514DB2C028D0AFA500E604E8 /* FavoritesListVC.swift */ = {isa = PBXFileReference; lastKnownFileType = sourcecode.swift; path = FavoritesListVC.swift; sourceTree = "<group>"; };
		514DB2C228D0C5EA00E604E8 /* GFButton.swift */ = {isa = PBXFileReference; lastKnownFileType = sourcecode.swift; path = GFButton.swift; sourceTree = "<group>"; };
		514DB2C428D0CCAE00E604E8 /* GFTextField.swift */ = {isa = PBXFileReference; lastKnownFileType = sourcecode.swift; path = GFTextField.swift; sourceTree = "<group>"; };
		514DB2C628D0E65A00E604E8 /* FollowerListVC.swift */ = {isa = PBXFileReference; lastKnownFileType = sourcecode.swift; path = FollowerListVC.swift; sourceTree = "<group>"; };
		514DB2C828D0F32000E604E8 /* GFTitleLabel.swift */ = {isa = PBXFileReference; lastKnownFileType = sourcecode.swift; path = GFTitleLabel.swift; sourceTree = "<group>"; };
		514DB2CA28D0F61200E604E8 /* GFBodyLabel.swift */ = {isa = PBXFileReference; lastKnownFileType = sourcecode.swift; path = GFBodyLabel.swift; sourceTree = "<group>"; };
		514DB2CC28D0F6D400E604E8 /* GFAlertVC.swift */ = {isa = PBXFileReference; lastKnownFileType = sourcecode.swift; path = GFAlertVC.swift; sourceTree = "<group>"; };
		514DB2CE28D10C3400E604E8 /* UIVIewController+Ext.swift */ = {isa = PBXFileReference; lastKnownFileType = sourcecode.swift; path = "UIVIewController+Ext.swift"; sourceTree = "<group>"; };
		514DB2D528D1C6F100E604E8 /* Follower.swift */ = {isa = PBXFileReference; lastKnownFileType = sourcecode.swift; path = Follower.swift; sourceTree = "<group>"; };
		514DB2D728D1C7B100E604E8 /* User.swift */ = {isa = PBXFileReference; lastKnownFileType = sourcecode.swift; path = User.swift; sourceTree = "<group>"; };
		514DB2DA28D1DB0C00E604E8 /* NetworkManager.swift */ = {isa = PBXFileReference; lastKnownFileType = sourcecode.swift; path = NetworkManager.swift; sourceTree = "<group>"; };
		514DB2DD28D20C2200E604E8 /* GFError.swift */ = {isa = PBXFileReference; lastKnownFileType = sourcecode.swift; path = GFError.swift; sourceTree = "<group>"; };
		514DB2E028D21F9000E604E8 /* FollowerCell.swift */ = {isa = PBXFileReference; lastKnownFileType = sourcecode.swift; path = FollowerCell.swift; sourceTree = "<group>"; };
		514DB2E228D2203300E604E8 /* GFAvatarImageView.swift */ = {isa = PBXFileReference; lastKnownFileType = sourcecode.swift; path = GFAvatarImageView.swift; sourceTree = "<group>"; };
		51C0778B28D3B15F005F709C /* UIHelper.swift */ = {isa = PBXFileReference; lastKnownFileType = sourcecode.swift; path = UIHelper.swift; sourceTree = "<group>"; };
		51C0779228D4712A005F709C /* GFEmptyStateView.swift */ = {isa = PBXFileReference; lastKnownFileType = sourcecode.swift; path = GFEmptyStateView.swift; sourceTree = "<group>"; };
		51C0779428D4819E005F709C /* UserInfoVC.swift */ = {isa = PBXFileReference; lastKnownFileType = sourcecode.swift; path = UserInfoVC.swift; sourceTree = "<group>"; };
		51C0779728D4A66F005F709C /* GFUserInfoHeaderVC.swift */ = {isa = PBXFileReference; lastKnownFileType = sourcecode.swift; path = GFUserInfoHeaderVC.swift; sourceTree = "<group>"; };
		51C0779928D4AA63005F709C /* GFSecondaryTitleLabel.swift */ = {isa = PBXFileReference; lastKnownFileType = sourcecode.swift; path = GFSecondaryTitleLabel.swift; sourceTree = "<group>"; };
		51C0779B28D4B5F4005F709C /* Constants.swift */ = {isa = PBXFileReference; lastKnownFileType = sourcecode.swift; path = Constants.swift; sourceTree = "<group>"; };
		51C077C228D8A4C3005F709C /* GFItemInfoView.swift */ = {isa = PBXFileReference; lastKnownFileType = sourcecode.swift; path = GFItemInfoView.swift; sourceTree = "<group>"; };
		51C077C428D8BEDB005F709C /* GFItemInfoVC.swift */ = {isa = PBXFileReference; lastKnownFileType = sourcecode.swift; path = GFItemInfoVC.swift; sourceTree = "<group>"; };
		51C215FA28D8C5580016AF31 /* GFRepoItemVC.swift */ = {isa = PBXFileReference; lastKnownFileType = sourcecode.swift; path = GFRepoItemVC.swift; sourceTree = "<group>"; };
		51C215FC28D8CC0A0016AF31 /* GFFollowerItemVC.swift */ = {isa = PBXFileReference; lastKnownFileType = sourcecode.swift; path = GFFollowerItemVC.swift; sourceTree = "<group>"; };
		51C215FF28D8EC340016AF31 /* Date+Ext.swift */ = {isa = PBXFileReference; lastKnownFileType = sourcecode.swift; path = "Date+Ext.swift"; sourceTree = "<group>"; };
		51C2160128D8EC6B0016AF31 /* String+Ext.swift */ = {isa = PBXFileReference; lastKnownFileType = sourcecode.swift; path = "String+Ext.swift"; sourceTree = "<group>"; };
/* End PBXFileReference section */

/* Begin PBXFrameworksBuildPhase section */
		514DB2A428D0A1DD00E604E8 /* Frameworks */ = {
			isa = PBXFrameworksBuildPhase;
			buildActionMask = 2147483647;
			files = (
			);
			runOnlyForDeploymentPostprocessing = 0;
		};
/* End PBXFrameworksBuildPhase section */

/* Begin PBXGroup section */
		5135B92228F9B23000ACBC1E /* TabBarControllers */ = {
			isa = PBXGroup;
			children = (
				5135B92328F9B26000ACBC1E /* GFTabBarController.swift */,
			);
			path = TabBarControllers;
			sourceTree = "<group>";
		};
		514DB29E28D0A1DD00E604E8 = {
			isa = PBXGroup;
			children = (
				514DB2A928D0A1DD00E604E8 /* GHFolowers */,
				514DB2A828D0A1DD00E604E8 /* Products */,
			);
			sourceTree = "<group>";
		};
		514DB2A828D0A1DD00E604E8 /* Products */ = {
			isa = PBXGroup;
			children = (
				514DB2A728D0A1DD00E604E8 /* GHFolowers.app */,
			);
			name = Products;
			sourceTree = "<group>";
		};
		514DB2A928D0A1DD00E604E8 /* GHFolowers */ = {
			isa = PBXGroup;
			children = (
				514DB2DC28D20BA100E604E8 /* Utilities */,
				514DB2D928D1DAF900E604E8 /* Managers */,
				514DB2D428D1C6D600E604E8 /* Model */,
				514DB2D128D1C0D800E604E8 /* Custom views */,
				514DB2D028D1C0A400E604E8 /* Screens */,
				514DB2D228D1C10B00E604E8 /* Extensions */,
				514DB2D328D1C1E700E604E8 /* Support */,
			);
			path = GHFolowers;
			sourceTree = "<group>";
		};
		514DB2D028D1C0A400E604E8 /* Screens */ = {
			isa = PBXGroup;
			children = (
				514DB2BE28D0AF6800E604E8 /* SearchVC.swift */,
				514DB2C628D0E65A00E604E8 /* FollowerListVC.swift */,
				514DB2C028D0AFA500E604E8 /* FavoritesListVC.swift */,
				51C0779428D4819E005F709C /* UserInfoVC.swift */,
			);
			path = Screens;
			sourceTree = "<group>";
		};
		514DB2D128D1C0D800E604E8 /* Custom views */ = {
			isa = PBXGroup;
			children = (
				5135B92228F9B23000ACBC1E /* TabBarControllers */,
				514DB2DF28D21F7000E604E8 /* Cells */,
				51C0778E28D47090005F709C /* Buttons */,
				51C0779128D470DC005F709C /* Labels */,
				51C0779028D470A2005F709C /* TextField */,
				51C0778F28D47099005F709C /* ImageViews */,
				51C0779628D4A63F005F709C /* ViewControllers */,
				51C0778D28D47088005F709C /* Views */,
			);
			path = "Custom views";
			sourceTree = "<group>";
		};
		514DB2D228D1C10B00E604E8 /* Extensions */ = {
			isa = PBXGroup;
			children = (
				514DB2CE28D10C3400E604E8 /* UIVIewController+Ext.swift */,
				51C215FF28D8EC340016AF31 /* Date+Ext.swift */,
				51C2160128D8EC6B0016AF31 /* String+Ext.swift */,
			);
			path = Extensions;
			sourceTree = "<group>";
		};
		514DB2D328D1C1E700E604E8 /* Support */ = {
			isa = PBXGroup;
			children = (
				514DB2AA28D0A1DD00E604E8 /* AppDelegate.swift */,
				514DB2AC28D0A1DD00E604E8 /* SceneDelegate.swift */,
				514DB2B328D0A1DF00E604E8 /* Assets.xcassets */,
				514DB2B528D0A1DF00E604E8 /* LaunchScreen.storyboard */,
				514DB2B828D0A1DF00E604E8 /* Info.plist */,
			);
			path = Support;
			sourceTree = "<group>";
		};
		514DB2D428D1C6D600E604E8 /* Model */ = {
			isa = PBXGroup;
			children = (
				514DB2D528D1C6F100E604E8 /* Follower.swift */,
				514DB2D728D1C7B100E604E8 /* User.swift */,
			);
			path = Model;
			sourceTree = "<group>";
		};
		514DB2D928D1DAF900E604E8 /* Managers */ = {
			isa = PBXGroup;
			children = (
				514DB2DA28D1DB0C00E604E8 /* NetworkManager.swift */,
				5135B91E28F9766100ACBC1E /* PersistanceManager.swift */,
			);
			path = Managers;
			sourceTree = "<group>";
		};
		514DB2DC28D20BA100E604E8 /* Utilities */ = {
			isa = PBXGroup;
			children = (
				514DB2DD28D20C2200E604E8 /* GFError.swift */,
				51C0778B28D3B15F005F709C /* UIHelper.swift */,
				51C0779B28D4B5F4005F709C /* Constants.swift */,
			);
			path = Utilities;
			sourceTree = "<group>";
		};
		514DB2DF28D21F7000E604E8 /* Cells */ = {
			isa = PBXGroup;
			children = (
				514DB2E028D21F9000E604E8 /* FollowerCell.swift */,
				5135B92028F98A9800ACBC1E /* FavoriteCell.swift */,
			);
			path = Cells;
			sourceTree = "<group>";
		};
		51C0778D28D47088005F709C /* Views */ = {
			isa = PBXGroup;
			children = (
				51C0779228D4712A005F709C /* GFEmptyStateView.swift */,
				51C077C228D8A4C3005F709C /* GFItemInfoView.swift */,
			);
			path = Views;
			sourceTree = "<group>";
		};
		51C0778E28D47090005F709C /* Buttons */ = {
			isa = PBXGroup;
			children = (
				514DB2C228D0C5EA00E604E8 /* GFButton.swift */,
			);
			path = Buttons;
			sourceTree = "<group>";
		};
		51C0778F28D47099005F709C /* ImageViews */ = {
			isa = PBXGroup;
			children = (
				514DB2E228D2203300E604E8 /* GFAvatarImageView.swift */,
			);
			path = ImageViews;
			sourceTree = "<group>";
		};
		51C0779028D470A2005F709C /* TextField */ = {
			isa = PBXGroup;
			children = (
				514DB2C428D0CCAE00E604E8 /* GFTextField.swift */,
			);
			path = TextField;
			sourceTree = "<group>";
		};
		51C0779128D470DC005F709C /* Labels */ = {
			isa = PBXGroup;
			children = (
				514DB2CA28D0F61200E604E8 /* GFBodyLabel.swift */,
				514DB2C828D0F32000E604E8 /* GFTitleLabel.swift */,
				51C0779928D4AA63005F709C /* GFSecondaryTitleLabel.swift */,
			);
			path = Labels;
			sourceTree = "<group>";
		};
		51C0779628D4A63F005F709C /* ViewControllers */ = {
			isa = PBXGroup;
			children = (
				51C215FE28D8CC640016AF31 /* ItemInfoVC */,
				514DB2CC28D0F6D400E604E8 /* GFAlertVC.swift */,
				51C0779728D4A66F005F709C /* GFUserInfoHeaderVC.swift */,
			);
			path = ViewControllers;
			sourceTree = "<group>";
		};
		51C215FE28D8CC640016AF31 /* ItemInfoVC */ = {
			isa = PBXGroup;
			children = (
				51C077C428D8BEDB005F709C /* GFItemInfoVC.swift */,
				51C215FA28D8C5580016AF31 /* GFRepoItemVC.swift */,
				51C215FC28D8CC0A0016AF31 /* GFFollowerItemVC.swift */,
			);
			path = ItemInfoVC;
			sourceTree = "<group>";
		};
/* End PBXGroup section */

/* Begin PBXNativeTarget section */
		514DB2A628D0A1DD00E604E8 /* GHFolowers */ = {
			isa = PBXNativeTarget;
			buildConfigurationList = 514DB2BB28D0A1DF00E604E8 /* Build configuration list for PBXNativeTarget "GHFolowers" */;
			buildPhases = (
				514DB2A328D0A1DD00E604E8 /* Sources */,
				514DB2A428D0A1DD00E604E8 /* Frameworks */,
				514DB2A528D0A1DD00E604E8 /* Resources */,
			);
			buildRules = (
			);
			dependencies = (
			);
			name = GHFolowers;
			productName = GHFolowers;
			productReference = 514DB2A728D0A1DD00E604E8 /* GHFolowers.app */;
			productType = "com.apple.product-type.application";
		};
/* End PBXNativeTarget section */

/* Begin PBXProject section */
		514DB29F28D0A1DD00E604E8 /* Project object */ = {
			isa = PBXProject;
			attributes = {
				BuildIndependentTargetsInParallel = 1;
				LastSwiftUpdateCheck = 1400;
				LastUpgradeCheck = 1400;
				TargetAttributes = {
					514DB2A628D0A1DD00E604E8 = {
						CreatedOnToolsVersion = 14.0;
					};
				};
			};
			buildConfigurationList = 514DB2A228D0A1DD00E604E8 /* Build configuration list for PBXProject "GHFolowers" */;
			compatibilityVersion = "Xcode 14.0";
			developmentRegion = en;
			hasScannedForEncodings = 0;
			knownRegions = (
				en,
				Base,
			);
			mainGroup = 514DB29E28D0A1DD00E604E8;
			productRefGroup = 514DB2A828D0A1DD00E604E8 /* Products */;
			projectDirPath = "";
			projectRoot = "";
			targets = (
				514DB2A628D0A1DD00E604E8 /* GHFolowers */,
			);
		};
/* End PBXProject section */

/* Begin PBXResourcesBuildPhase section */
		514DB2A528D0A1DD00E604E8 /* Resources */ = {
			isa = PBXResourcesBuildPhase;
			buildActionMask = 2147483647;
			files = (
				514DB2B728D0A1DF00E604E8 /* LaunchScreen.storyboard in Resources */,
				514DB2B428D0A1DF00E604E8 /* Assets.xcassets in Resources */,
			);
			runOnlyForDeploymentPostprocessing = 0;
		};
/* End PBXResourcesBuildPhase section */

/* Begin PBXSourcesBuildPhase section */
		514DB2A328D0A1DD00E604E8 /* Sources */ = {
			isa = PBXSourcesBuildPhase;
			buildActionMask = 2147483647;
			files = (
				514DB2D828D1C7B100E604E8 /* User.swift in Sources */,
				514DB2C528D0CCAE00E604E8 /* GFTextField.swift in Sources */,
				514DB2C128D0AFA500E604E8 /* FavoritesListVC.swift in Sources */,
				51C2160228D8EC6B0016AF31 /* String+Ext.swift in Sources */,
				514DB2C328D0C5EA00E604E8 /* GFButton.swift in Sources */,
				514DB2D628D1C6F100E604E8 /* Follower.swift in Sources */,
				51C0778C28D3B15F005F709C /* UIHelper.swift in Sources */,
				51C077C528D8BEDB005F709C /* GFItemInfoVC.swift in Sources */,
				51C0779C28D4B5F4005F709C /* Constants.swift in Sources */,
				514DB2CF28D10C3400E604E8 /* UIVIewController+Ext.swift in Sources */,
				514DB2E328D2203300E604E8 /* GFAvatarImageView.swift in Sources */,
				514DB2BF28D0AF6800E604E8 /* SearchVC.swift in Sources */,
				51C215FD28D8CC0A0016AF31 /* GFFollowerItemVC.swift in Sources */,
				51C077C328D8A4C3005F709C /* GFItemInfoView.swift in Sources */,
				5135B92128F98A9800ACBC1E /* FavoriteCell.swift in Sources */,
				514DB2E128D21F9000E604E8 /* FollowerCell.swift in Sources */,
				5135B92428F9B26000ACBC1E /* GFTabBarController.swift in Sources */,
				5135B91F28F9766100ACBC1E /* PersistanceManager.swift in Sources */,
				514DB2DE28D20C2200E604E8 /* GFError.swift in Sources */,
				51C0779828D4A66F005F709C /* GFUserInfoHeaderVC.swift in Sources */,
				514DB2CD28D0F6D400E604E8 /* GFAlertVC.swift in Sources */,
				514DB2CB28D0F61200E604E8 /* GFBodyLabel.swift in Sources */,
				514DB2C928D0F32000E604E8 /* GFTitleLabel.swift in Sources */,
				51C2160028D8EC340016AF31 /* Date+Ext.swift in Sources */,
				51C0779A28D4AA63005F709C /* GFSecondaryTitleLabel.swift in Sources */,
				51C0779328D4712A005F709C /* GFEmptyStateView.swift in Sources */,
				514DB2DB28D1DB0C00E604E8 /* NetworkManager.swift in Sources */,
				514DB2C728D0E65A00E604E8 /* FollowerListVC.swift in Sources */,
				514DB2AB28D0A1DD00E604E8 /* AppDelegate.swift in Sources */,
				514DB2AD28D0A1DD00E604E8 /* SceneDelegate.swift in Sources */,
				51C215FB28D8C5580016AF31 /* GFRepoItemVC.swift in Sources */,
				51C0779528D4819E005F709C /* UserInfoVC.swift in Sources */,
			);
			runOnlyForDeploymentPostprocessing = 0;
		};
/* End PBXSourcesBuildPhase section */

/* Begin PBXVariantGroup section */
		514DB2B528D0A1DF00E604E8 /* LaunchScreen.storyboard */ = {
			isa = PBXVariantGroup;
			children = (
				514DB2B628D0A1DF00E604E8 /* Base */,
			);
			name = LaunchScreen.storyboard;
			sourceTree = "<group>";
		};
/* End PBXVariantGroup section */

/* Begin XCBuildConfiguration section */
		514DB2B928D0A1DF00E604E8 /* Debug */ = {
			isa = XCBuildConfiguration;
			buildSettings = {
				ALWAYS_SEARCH_USER_PATHS = NO;
				CLANG_ANALYZER_NONNULL = YES;
				CLANG_ANALYZER_NUMBER_OBJECT_CONVERSION = YES_AGGRESSIVE;
				CLANG_CXX_LANGUAGE_STANDARD = "gnu++20";
				CLANG_ENABLE_MODULES = YES;
				CLANG_ENABLE_OBJC_ARC = YES;
				CLANG_ENABLE_OBJC_WEAK = YES;
				CLANG_WARN_BLOCK_CAPTURE_AUTORELEASING = YES;
				CLANG_WARN_BOOL_CONVERSION = YES;
				CLANG_WARN_COMMA = YES;
				CLANG_WARN_CONSTANT_CONVERSION = YES;
				CLANG_WARN_DEPRECATED_OBJC_IMPLEMENTATIONS = YES;
				CLANG_WARN_DIRECT_OBJC_ISA_USAGE = YES_ERROR;
				CLANG_WARN_DOCUMENTATION_COMMENTS = YES;
				CLANG_WARN_EMPTY_BODY = YES;
				CLANG_WARN_ENUM_CONVERSION = YES;
				CLANG_WARN_INFINITE_RECURSION = YES;
				CLANG_WARN_INT_CONVERSION = YES;
				CLANG_WARN_NON_LITERAL_NULL_CONVERSION = YES;
				CLANG_WARN_OBJC_IMPLICIT_RETAIN_SELF = YES;
				CLANG_WARN_OBJC_LITERAL_CONVERSION = YES;
				CLANG_WARN_OBJC_ROOT_CLASS = YES_ERROR;
				CLANG_WARN_QUOTED_INCLUDE_IN_FRAMEWORK_HEADER = YES;
				CLANG_WARN_RANGE_LOOP_ANALYSIS = YES;
				CLANG_WARN_STRICT_PROTOTYPES = YES;
				CLANG_WARN_SUSPICIOUS_MOVE = YES;
				CLANG_WARN_UNGUARDED_AVAILABILITY = YES_AGGRESSIVE;
				CLANG_WARN_UNREACHABLE_CODE = YES;
				CLANG_WARN__DUPLICATE_METHOD_MATCH = YES;
				COPY_PHASE_STRIP = NO;
				DEBUG_INFORMATION_FORMAT = dwarf;
				ENABLE_STRICT_OBJC_MSGSEND = YES;
				ENABLE_TESTABILITY = YES;
				GCC_C_LANGUAGE_STANDARD = gnu11;
				GCC_DYNAMIC_NO_PIC = NO;
				GCC_NO_COMMON_BLOCKS = YES;
				GCC_OPTIMIZATION_LEVEL = 0;
				GCC_PREPROCESSOR_DEFINITIONS = (
					"DEBUG=1",
					"$(inherited)",
				);
				GCC_WARN_64_TO_32_BIT_CONVERSION = YES;
				GCC_WARN_ABOUT_RETURN_TYPE = YES_ERROR;
				GCC_WARN_UNDECLARED_SELECTOR = YES;
				GCC_WARN_UNINITIALIZED_AUTOS = YES_AGGRESSIVE;
				GCC_WARN_UNUSED_FUNCTION = YES;
				GCC_WARN_UNUSED_VARIABLE = YES;
				IPHONEOS_DEPLOYMENT_TARGET = 15.0;
				MTL_ENABLE_DEBUG_INFO = INCLUDE_SOURCE;
				MTL_FAST_MATH = YES;
				ONLY_ACTIVE_ARCH = YES;
				SDKROOT = iphoneos;
				SWIFT_ACTIVE_COMPILATION_CONDITIONS = DEBUG;
				SWIFT_OPTIMIZATION_LEVEL = "-Onone";
			};
			name = Debug;
		};
		514DB2BA28D0A1DF00E604E8 /* Release */ = {
			isa = XCBuildConfiguration;
			buildSettings = {
				ALWAYS_SEARCH_USER_PATHS = NO;
				CLANG_ANALYZER_NONNULL = YES;
				CLANG_ANALYZER_NUMBER_OBJECT_CONVERSION = YES_AGGRESSIVE;
				CLANG_CXX_LANGUAGE_STANDARD = "gnu++20";
				CLANG_ENABLE_MODULES = YES;
				CLANG_ENABLE_OBJC_ARC = YES;
				CLANG_ENABLE_OBJC_WEAK = YES;
				CLANG_WARN_BLOCK_CAPTURE_AUTORELEASING = YES;
				CLANG_WARN_BOOL_CONVERSION = YES;
				CLANG_WARN_COMMA = YES;
				CLANG_WARN_CONSTANT_CONVERSION = YES;
				CLANG_WARN_DEPRECATED_OBJC_IMPLEMENTATIONS = YES;
				CLANG_WARN_DIRECT_OBJC_ISA_USAGE = YES_ERROR;
				CLANG_WARN_DOCUMENTATION_COMMENTS = YES;
				CLANG_WARN_EMPTY_BODY = YES;
				CLANG_WARN_ENUM_CONVERSION = YES;
				CLANG_WARN_INFINITE_RECURSION = YES;
				CLANG_WARN_INT_CONVERSION = YES;
				CLANG_WARN_NON_LITERAL_NULL_CONVERSION = YES;
				CLANG_WARN_OBJC_IMPLICIT_RETAIN_SELF = YES;
				CLANG_WARN_OBJC_LITERAL_CONVERSION = YES;
				CLANG_WARN_OBJC_ROOT_CLASS = YES_ERROR;
				CLANG_WARN_QUOTED_INCLUDE_IN_FRAMEWORK_HEADER = YES;
				CLANG_WARN_RANGE_LOOP_ANALYSIS = YES;
				CLANG_WARN_STRICT_PROTOTYPES = YES;
				CLANG_WARN_SUSPICIOUS_MOVE = YES;
				CLANG_WARN_UNGUARDED_AVAILABILITY = YES_AGGRESSIVE;
				CLANG_WARN_UNREACHABLE_CODE = YES;
				CLANG_WARN__DUPLICATE_METHOD_MATCH = YES;
				COPY_PHASE_STRIP = NO;
				DEBUG_INFORMATION_FORMAT = "dwarf-with-dsym";
				ENABLE_NS_ASSERTIONS = NO;
				ENABLE_STRICT_OBJC_MSGSEND = YES;
				GCC_C_LANGUAGE_STANDARD = gnu11;
				GCC_NO_COMMON_BLOCKS = YES;
				GCC_WARN_64_TO_32_BIT_CONVERSION = YES;
				GCC_WARN_ABOUT_RETURN_TYPE = YES_ERROR;
				GCC_WARN_UNDECLARED_SELECTOR = YES;
				GCC_WARN_UNINITIALIZED_AUTOS = YES_AGGRESSIVE;
				GCC_WARN_UNUSED_FUNCTION = YES;
				GCC_WARN_UNUSED_VARIABLE = YES;
				IPHONEOS_DEPLOYMENT_TARGET = 15.0;
				MTL_ENABLE_DEBUG_INFO = NO;
				MTL_FAST_MATH = YES;
				SDKROOT = iphoneos;
				SWIFT_COMPILATION_MODE = wholemodule;
				SWIFT_OPTIMIZATION_LEVEL = "-O";
				VALIDATE_PRODUCT = YES;
			};
			name = Release;
		};
		514DB2BC28D0A1DF00E604E8 /* Debug */ = {
			isa = XCBuildConfiguration;
			buildSettings = {
				ASSETCATALOG_COMPILER_APPICON_NAME = AppIcon;
				ASSETCATALOG_COMPILER_GLOBAL_ACCENT_COLOR_NAME = AccentColor;
				CODE_SIGN_STYLE = Automatic;
				CURRENT_PROJECT_VERSION = 1;
				DEVELOPMENT_TEAM = 95M96Z9FUT;
				GENERATE_INFOPLIST_FILE = YES;
				INFOPLIST_FILE = GHFolowers/Support/Info.plist;
				INFOPLIST_KEY_UIApplicationSupportsIndirectInputEvents = YES;
				INFOPLIST_KEY_UILaunchStoryboardName = LaunchScreen;
				INFOPLIST_KEY_UIMainStoryboardFile = "";
				INFOPLIST_KEY_UISupportedInterfaceOrientations = UIInterfaceOrientationPortrait;
				LD_RUNPATH_SEARCH_PATHS = (
					"$(inherited)",
					"@executable_path/Frameworks",
				);
				MARKETING_VERSION = 1.0;
				PRODUCT_BUNDLE_IDENTIFIER = artdevelop.com.GHFolowers;
				PRODUCT_NAME = "$(TARGET_NAME)";
				SUPPORTED_PLATFORMS = "iphoneos iphonesimulator";
				SUPPORTS_MACCATALYST = NO;
				SUPPORTS_MAC_DESIGNED_FOR_IPHONE_IPAD = NO;
				SWIFT_EMIT_LOC_STRINGS = YES;
				SWIFT_VERSION = 5.0;
				TARGETED_DEVICE_FAMILY = "1,2";
			};
			name = Debug;
		};
		514DB2BD28D0A1DF00E604E8 /* Release */ = {
			isa = XCBuildConfiguration;
			buildSettings = {
				ASSETCATALOG_COMPILER_APPICON_NAME = AppIcon;
				ASSETCATALOG_COMPILER_GLOBAL_ACCENT_COLOR_NAME = AccentColor;
				CODE_SIGN_STYLE = Automatic;
				CURRENT_PROJECT_VERSION = 1;
				DEVELOPMENT_TEAM = 95M96Z9FUT;
				GENERATE_INFOPLIST_FILE = YES;
				INFOPLIST_FILE = GHFolowers/Support/Info.plist;
				INFOPLIST_KEY_UIApplicationSupportsIndirectInputEvents = YES;
				INFOPLIST_KEY_UILaunchStoryboardName = LaunchScreen;
				INFOPLIST_KEY_UIMainStoryboardFile = "";
				INFOPLIST_KEY_UISupportedInterfaceOrientations = UIInterfaceOrientationPortrait;
				LD_RUNPATH_SEARCH_PATHS = (
					"$(inherited)",
					"@executable_path/Frameworks",
				);
				MARKETING_VERSION = 1.0;
				PRODUCT_BUNDLE_IDENTIFIER = artdevelop.com.GHFolowers;
				PRODUCT_NAME = "$(TARGET_NAME)";
				SUPPORTED_PLATFORMS = "iphoneos iphonesimulator";
				SUPPORTS_MACCATALYST = NO;
				SUPPORTS_MAC_DESIGNED_FOR_IPHONE_IPAD = NO;
				SWIFT_EMIT_LOC_STRINGS = YES;
				SWIFT_VERSION = 5.0;
				TARGETED_DEVICE_FAMILY = "1,2";
			};
			name = Release;
		};
/* End XCBuildConfiguration section */

/* Begin XCConfigurationList section */
		514DB2A228D0A1DD00E604E8 /* Build configuration list for PBXProject "GHFolowers" */ = {
			isa = XCConfigurationList;
			buildConfigurations = (
				514DB2B928D0A1DF00E604E8 /* Debug */,
				514DB2BA28D0A1DF00E604E8 /* Release */,
			);
			defaultConfigurationIsVisible = 0;
			defaultConfigurationName = Release;
		};
		514DB2BB28D0A1DF00E604E8 /* Build configuration list for PBXNativeTarget "GHFolowers" */ = {
			isa = XCConfigurationList;
			buildConfigurations = (
				514DB2BC28D0A1DF00E604E8 /* Debug */,
				514DB2BD28D0A1DF00E604E8 /* Release */,
			);
			defaultConfigurationIsVisible = 0;
			defaultConfigurationName = Release;
		};
/* End XCConfigurationList section */
	};
	rootObject = 514DB29F28D0A1DD00E604E8 /* Project object */;
}
